
Microsoft Visual Studio Solution File, Format Version 12.00
# Visual Studio Version 17
VisualStudioVersion = 17.8.34511.84
MinimumVisualStudioVersion = 10.0.40219.1
Project("{2150E333-8FDC-42A3-9474-1A3956D46DE8}") = "src", "src", "{3CD1DD66-0C63-4704-83CF-4C1AAC8CF438}"
EndProject
Project("{2150E333-8FDC-42A3-9474-1A3956D46DE8}") = "test", "test", "{142DA167-4916-40DD-920D-1FFBAC6479BA}"
EndProject
Project("{2150E333-8FDC-42A3-9474-1A3956D46DE8}") = "API", "API", "{6D3A6315-B861-4CCC-8068-04F352C14BA0}"
EndProject
Project("{2150E333-8FDC-42A3-9474-1A3956D46DE8}") = "CORE", "CORE", "{73CD22AB-A31D-4031-B45C-347DEBEFB22D}"
EndProject
Project("{2150E333-8FDC-42A3-9474-1A3956D46DE8}") = "Infrastructure", "Infrastructure", "{7CA48493-D018-427F-B73F-EFD04084E908}"
EndProject
Project("{9A19103F-16F7-4668-BE54-9A1E7A4F7556}") = "CleanAchictecture.Infrastructure", "CleanAchictecture.Infrastructure\CleanAchictecture.Infrastructure.csproj", "{94005A4E-5404-49BA-A6AE-4A54990B3964}"
EndProject
Project("{9A19103F-16F7-4668-BE54-9A1E7A4F7556}") = "CleanAchictecture.Persistence", "CleanAchictecture.Persistence\CleanAchictecture.Persistence.csproj", "{19CD9B58-0D23-46B3-9191-148DE4716374}"
EndProject
Project("{9A19103F-16F7-4668-BE54-9A1E7A4F7556}") = "CleanAchictecture.API", "CleanAchictecture.API\CleanAchictecture.API.csproj", "{0E1B5F04-2FE8-46A2-9DDD-B4F97636FF30}"
EndProject
Project("{9A19103F-16F7-4668-BE54-9A1E7A4F7556}") = "CleanAchictecture.Application", "CleanAchictecture.Application\CleanAchictecture.Application.csproj", "{DD824DD9-9409-4B55-8161-FC8A4FB28757}"
EndProject
Project("{9A19103F-16F7-4668-BE54-9A1E7A4F7556}") = "CleanAchictecture.Domain", "CleanAchictecture.Domain\CleanAchictecture.Domain.csproj", "{848B33E1-3568-45C5-8DB7-D7F535C8C2E7}"
EndProject
Global
	GlobalSection(SolutionConfigurationPlatforms) = preSolution
		Debug|Any CPU = Debug|Any CPU
		Release|Any CPU = Release|Any CPU
	EndGlobalSection
	GlobalSection(ProjectConfigurationPlatforms) = postSolution
		{94005A4E-5404-49BA-A6AE-4A54990B3964}.Debug|Any CPU.ActiveCfg = Debug|Any CPU
		{94005A4E-5404-49BA-A6AE-4A54990B3964}.Debug|Any CPU.Build.0 = Debug|Any CPU
		{94005A4E-5404-49BA-A6AE-4A54990B3964}.Release|Any CPU.ActiveCfg = Release|Any CPU
		{94005A4E-5404-49BA-A6AE-4A54990B3964}.Release|Any CPU.Build.0 = Release|Any CPU
		{19CD9B58-0D23-46B3-9191-148DE4716374}.Debug|Any CPU.ActiveCfg = Debug|Any CPU
		{19CD9B58-0D23-46B3-9191-148DE4716374}.Debug|Any CPU.Build.0 = Debug|Any CPU
		{19CD9B58-0D23-46B3-9191-148DE4716374}.Release|Any CPU.ActiveCfg = Release|Any CPU
		{19CD9B58-0D23-46B3-9191-148DE4716374}.Release|Any CPU.Build.0 = Release|Any CPU
		{0E1B5F04-2FE8-46A2-9DDD-B4F97636FF30}.Debug|Any CPU.ActiveCfg = Debug|Any CPU
		{0E1B5F04-2FE8-46A2-9DDD-B4F97636FF30}.Debug|Any CPU.Build.0 = Debug|Any CPU
		{0E1B5F04-2FE8-46A2-9DDD-B4F97636FF30}.Release|Any CPU.ActiveCfg = Release|Any CPU
		{0E1B5F04-2FE8-46A2-9DDD-B4F97636FF30}.Release|Any CPU.Build.0 = Release|Any CPU
		{DD824DD9-9409-4B55-8161-FC8A4FB28757}.Debug|Any CPU.ActiveCfg = Debug|Any CPU
		{DD824DD9-9409-4B55-8161-FC8A4FB28757}.Debug|Any CPU.Build.0 = Debug|Any CPU
		{DD824DD9-9409-4B55-8161-FC8A4FB28757}.Release|Any CPU.ActiveCfg = Release|Any CPU
		{DD824DD9-9409-4B55-8161-FC8A4FB28757}.Release|Any CPU.Build.0 = Release|Any CPU
		{848B33E1-3568-45C5-8DB7-D7F535C8C2E7}.Debug|Any CPU.ActiveCfg = Debug|Any CPU
		{848B33E1-3568-45C5-8DB7-D7F535C8C2E7}.Debug|Any CPU.Build.0 = Debug|Any CPU
		{848B33E1-3568-45C5-8DB7-D7F535C8C2E7}.Release|Any CPU.ActiveCfg = Release|Any CPU
		{848B33E1-3568-45C5-8DB7-D7F535C8C2E7}.Release|Any CPU.Build.0 = Release|Any CPU
	EndGlobalSection
	GlobalSection(SolutionProperties) = preSolution
		HideSolutionNode = FALSE
	EndGlobalSection
	GlobalSection(NestedProjects) = preSolution
		{6D3A6315-B861-4CCC-8068-04F352C14BA0} = {3CD1DD66-0C63-4704-83CF-4C1AAC8CF438}
		{73CD22AB-A31D-4031-B45C-347DEBEFB22D} = {3CD1DD66-0C63-4704-83CF-4C1AAC8CF438}
		{7CA48493-D018-427F-B73F-EFD04084E908} = {3CD1DD66-0C63-4704-83CF-4C1AAC8CF438}
		{94005A4E-5404-49BA-A6AE-4A54990B3964} = {7CA48493-D018-427F-B73F-EFD04084E908}
		{19CD9B58-0D23-46B3-9191-148DE4716374} = {7CA48493-D018-427F-B73F-EFD04084E908}
		{0E1B5F04-2FE8-46A2-9DDD-B4F97636FF30} = {6D3A6315-B861-4CCC-8068-04F352C14BA0}
		{DD824DD9-9409-4B55-8161-FC8A4FB28757} = {73CD22AB-A31D-4031-B45C-347DEBEFB22D}
		{848B33E1-3568-45C5-8DB7-D7F535C8C2E7} = {73CD22AB-A31D-4031-B45C-347DEBEFB22D}
	EndGlobalSection
	GlobalSection(ExtensibilityGlobals) = postSolution
		SolutionGuid = {58827909-DD18-4547-AE72-BF5AB756577A}
	EndGlobalSection
EndGlobal
